PODS:
  - RxActivityIndicator (1.0.1):
    - RxCocoa (~> 3.0)
    - RxSwift (~> 3.0)
  - RxCocoa (3.0.1):
    - RxSwift (~> 3.0)
  - RxSwift (3.0.1)

DEPENDENCIES:
  - RxActivityIndicator (from `../`)

EXTERNAL SOURCES:
  RxActivityIndicator:
    :path: "../"

SPEC CHECKSUMS:
  RxActivityIndicator: e312453e3070f2d23f5bf824231e0a3a4c341cf5
  RxCocoa: 15a52fc590dcc700cb4a690a633b5c5184ce3a78
  RxSwift: af5680055c4ad04480189c52d28385b1029493a6

PODFILE CHECKSUM: ed3ad1ea1836a5d5a226993ddd257cfe5bd72987

COCOAPODS: 1.2.0.beta.3
