// !$*UTF8*$!
{
	archiveVersion = 1;
	classes = {
	};
	objectVersion = 46;
	objects = {

/* Begin PBXBuildFile section */
		1AE185C2B6A0E08106418F29 /* Pods_RxSwiftUtilitiesTests_macOS.framework in Frameworks */ = {isa = PBXBuildFile; fileRef = 7DF58639394AFFD38F237A9E /* Pods_RxSwiftUtilitiesTests_macOS.framework */; };
		690E370A4FF5E8B2EE4E2E11 /* Pods_RxSwiftUtilities_tvOS.framework in Frameworks */ = {isa = PBXBuildFile; fileRef = 49ED22AD5B8A477DBDFA0B32 /* Pods_RxSwiftUtilities_tvOS.framework */; };
		7337A2E4640316C546A21595 /* Pods_RxSwiftUtilities_iOS.framework in Frameworks */ = {isa = PBXBuildFile; fileRef = 547FD40D1DF6D83A47769F17 /* Pods_RxSwiftUtilities_iOS.framework */; };
		865387A85FB96E1D989F11CA /* Pods_RxSwiftUtilities_macOS.framework in Frameworks */ = {isa = PBXBuildFile; fileRef = BBC91C8C55D2EC35F9F1608E /* Pods_RxSwiftUtilities_macOS.framework */; };
		880343191DE303160055DA33 /* RxSwiftUtilities.h in Headers */ = {isa = PBXBuildFile; fileRef = 8803430B1DE303160055DA33 /* RxSwiftUtilities.h */; settings = {ATTRIBUTES = (Public, ); }; };
		8803436B1DE396290055DA33 /* ActivityIndicator.swift in Sources */ = {isa = PBXBuildFile; fileRef = 8803436A1DE396290055DA33 /* ActivityIndicator.swift */; };
		8803436F1DE397170055DA33 /* ActivityIndicatorTests.swift in Sources */ = {isa = PBXBuildFile; fileRef = 8803436E1DE397170055DA33 /* ActivityIndicatorTests.swift */; };
		888291AA1DFAB459007E1E6B /* TwoWayBinding.swift in Sources */ = {isa = PBXBuildFile; fileRef = 888291A91DFAB458007E1E6B /* TwoWayBinding.swift */; };
		888291AE1DFAB9CF007E1E6B /* TwoWayBindingTests.swift in Sources */ = {isa = PBXBuildFile; fileRef = 888291AB1DFAB462007E1E6B /* TwoWayBindingTests.swift */; };
		888292071DFDA31B007E1E6B /* TwoWayBindingTests.swift in Sources */ = {isa = PBXBuildFile; fileRef = 888291AB1DFAB462007E1E6B /* TwoWayBindingTests.swift */; };
		888292081DFDA78E007E1E6B /* TwoWayBinding.swift in Sources */ = {isa = PBXBuildFile; fileRef = 888291A91DFAB458007E1E6B /* TwoWayBinding.swift */; };
		888CC1A91DE48A1000DAE48A /* RxSwiftUtilities.framework in Frameworks */ = {isa = PBXBuildFile; fileRef = 888CC1A01DE48A1000DAE48A /* RxSwiftUtilities.framework */; };
		888CC1B81DE48AD700DAE48A /* RxSwiftUtilities.h in Headers */ = {isa = PBXBuildFile; fileRef = 8803430B1DE303160055DA33 /* RxSwiftUtilities.h */; settings = {ATTRIBUTES = (Public, ); }; };
		888CC1B91DE48ADF00DAE48A /* ActivityIndicator.swift in Sources */ = {isa = PBXBuildFile; fileRef = 8803436A1DE396290055DA33 /* ActivityIndicator.swift */; };
		888CC1BA1DE48AE400DAE48A /* ActivityIndicatorTests.swift in Sources */ = {isa = PBXBuildFile; fileRef = 8803436E1DE397170055DA33 /* ActivityIndicatorTests.swift */; };
		888CC1D51DE48E9100DAE48A /* RxSwiftUtilities.framework in Frameworks */ = {isa = PBXBuildFile; fileRef = 888CC1CC1DE48E9000DAE48A /* RxSwiftUtilities.framework */; };
		888CC1E31DE48F9A00DAE48A /* RxSwiftUtilities.h in Headers */ = {isa = PBXBuildFile; fileRef = 8803430B1DE303160055DA33 /* RxSwiftUtilities.h */; settings = {ATTRIBUTES = (Public, ); }; };
		888CC1E41DE48FB300DAE48A /* ActivityIndicator.swift in Sources */ = {isa = PBXBuildFile; fileRef = 8803436A1DE396290055DA33 /* ActivityIndicator.swift */; };
		888CC1E51DE48FBA00DAE48A /* ActivityIndicatorTests.swift in Sources */ = {isa = PBXBuildFile; fileRef = 8803436E1DE397170055DA33 /* ActivityIndicatorTests.swift */; };
		88E73C691DE481F600C0D2F6 /* RxSwiftUtilities.h in Headers */ = {isa = PBXBuildFile; fileRef = 8803430B1DE303160055DA33 /* RxSwiftUtilities.h */; settings = {ATTRIBUTES = (Public, ); }; };
		88E73C6A1DE4821F00C0D2F6 /* ActivityIndicator.swift in Sources */ = {isa = PBXBuildFile; fileRef = 8803436A1DE396290055DA33 /* ActivityIndicator.swift */; };
		CF07CDC94D4BADE642C82F24 /* Pods_RxSwiftUtilitiesTests_tvOS.framework in Frameworks */ = {isa = PBXBuildFile; fileRef = D29C5A87ADCBCFA0B7E56434 /* Pods_RxSwiftUtilitiesTests_tvOS.framework */; };
		DBA879A4DF86FFBAB5265E86 /* Pods_RxSwiftUtilities_watchOS.framework in Frameworks */ = {isa = PBXBuildFile; fileRef = F72C3751CFFA1B2DA8C87D58 /* Pods_RxSwiftUtilities_watchOS.framework */; };
		F7A696CC743148B5196523AF /* Pods_RxSwiftUtilitiesTests_iOS.framework in Frameworks */ = {isa = PBXBuildFile; fileRef = EE4F0567C22FF39FF18BED46 /* Pods_RxSwiftUtilitiesTests_iOS.framework */; };
/* End PBXBuildFile section */

/* Begin PBXContainerItemProxy section */
		880343131DE303160055DA33 /* PBXContainerItemProxy */ = {
			isa = PBXContainerItemProxy;
			containerPortal = 880342FF1DE303160055DA33 /* Project object */;
			proxyType = 1;
			remoteGlobalIDString = 880343071DE303160055DA33;
			remoteInfo = RxSwiftUtilities;
		};
		888CC1AA1DE48A1000DAE48A /* PBXContainerItemProxy */ = {
			isa = PBXContainerItemProxy;
			containerPortal = 880342FF1DE303160055DA33 /* Project object */;
			proxyType = 1;
			remoteGlobalIDString = 888CC19F1DE48A1000DAE48A;
			remoteInfo = "RxSwiftUtilities tvOS";
		};
		888CC1D61DE48E9100DAE48A /* PBXContainerItemProxy */ = {
			isa = PBXContainerItemProxy;
			containerPortal = 880342FF1DE303160055DA33 /* Project object */;
			proxyType = 1;
			remoteGlobalIDString = 888CC1CB1DE48E9000DAE48A;
			remoteInfo = "RxSwiftUtilities macOS";
		};
/* End PBXContainerItemProxy section */

/* Begin PBXFileReference section */
		13B8E0EA17B3C0BECE37149B /* Pods-RxSwiftUtilities iOS.debug.xcconfig */ = {isa = PBXFileReference; includeInIndex = 1; lastKnownFileType = text.xcconfig; name = "Pods-RxSwiftUtilities iOS.debug.xcconfig"; path = "Pods/Target Support Files/Pods-RxSwiftUtilities iOS/Pods-RxSwiftUtilities iOS.debug.xcconfig"; sourceTree = "<group>"; };
		1A678C9D9C00FE1A6A45FE7B /* Pods-RxSwiftUtilities iOS.release.xcconfig */ = {isa = PBXFileReference; includeInIndex = 1; lastKnownFileType = text.xcconfig; name = "Pods-RxSwiftUtilities iOS.release.xcconfig"; path = "Pods/Target Support Files/Pods-RxSwiftUtilities iOS/Pods-RxSwiftUtilities iOS.release.xcconfig"; sourceTree = "<group>"; };
		2CE897524CB685087D1E6D01 /* Pods-RxSwiftUtilitiesTests tvOS.release.xcconfig */ = {isa = PBXFileReference; includeInIndex = 1; lastKnownFileType = text.xcconfig; name = "Pods-RxSwiftUtilitiesTests tvOS.release.xcconfig"; path = "Pods/Target Support Files/Pods-RxSwiftUtilitiesTests tvOS/Pods-RxSwiftUtilitiesTests tvOS.release.xcconfig"; sourceTree = "<group>"; };
		480A3684F1FA0AA10F95E7FB /* Pods-RxSwiftUtilitiesTests iOS.debug.xcconfig */ = {isa = PBXFileReference; includeInIndex = 1; lastKnownFileType = text.xcconfig; name = "Pods-RxSwiftUtilitiesTests iOS.debug.xcconfig"; path = "Pods/Target Support Files/Pods-RxSwiftUtilitiesTests iOS/Pods-RxSwiftUtilitiesTests iOS.debug.xcconfig"; sourceTree = "<group>"; };
		49ED22AD5B8A477DBDFA0B32 /* Pods_RxSwiftUtilities_tvOS.framework */ = {isa = PBXFileReference; explicitFileType = wrapper.framework; includeInIndex = 0; path = Pods_RxSwiftUtilities_tvOS.framework; sourceTree = BUILT_PRODUCTS_DIR; };
		525654F4E01A3671B31435FD /* Pods-RxSwiftUtilities watchOS.release.xcconfig */ = {isa = PBXFileReference; includeInIndex = 1; lastKnownFileType = text.xcconfig; name = "Pods-RxSwiftUtilities watchOS.release.xcconfig"; path = "Pods/Target Support Files/Pods-RxSwiftUtilities watchOS/Pods-RxSwiftUtilities watchOS.release.xcconfig"; sourceTree = "<group>"; };
		547FD40D1DF6D83A47769F17 /* Pods_RxSwiftUtilities_iOS.framework */ = {isa = PBXFileReference; explicitFileType = wrapper.framework; includeInIndex = 0; path = Pods_RxSwiftUtilities_iOS.framework; sourceTree = BUILT_PRODUCTS_DIR; };
		552922FCEAB7AAC28C32B5B3 /* Pods-RxSwiftUtilitiesTests iOS.release.xcconfig */ = {isa = PBXFileReference; includeInIndex = 1; lastKnownFileType = text.xcconfig; name = "Pods-RxSwiftUtilitiesTests iOS.release.xcconfig"; path = "Pods/Target Support Files/Pods-RxSwiftUtilitiesTests iOS/Pods-RxSwiftUtilitiesTests iOS.release.xcconfig"; sourceTree = "<group>"; };
		7ABBADC9701E2C3C1DA2BDA7 /* Pods-RxSwiftUtilitiesTests tvOS.debug.xcconfig */ = {isa = PBXFileReference; includeInIndex = 1; lastKnownFileType = text.xcconfig; name = "Pods-RxSwiftUtilitiesTests tvOS.debug.xcconfig"; path = "Pods/Target Support Files/Pods-RxSwiftUtilitiesTests tvOS/Pods-RxSwiftUtilitiesTests tvOS.debug.xcconfig"; sourceTree = "<group>"; };
		7DF58639394AFFD38F237A9E /* Pods_RxSwiftUtilitiesTests_macOS.framework */ = {isa = PBXFileReference; explicitFileType = wrapper.framework; includeInIndex = 0; path = Pods_RxSwiftUtilitiesTests_macOS.framework; sourceTree = BUILT_PRODUCTS_DIR; };
		860B3C7B6B2F6156FE244574 /* Pods-RxSwiftUtilities tvOS.debug.xcconfig */ = {isa = PBXFileReference; includeInIndex = 1; lastKnownFileType = text.xcconfig; name = "Pods-RxSwiftUtilities tvOS.debug.xcconfig"; path = "Pods/Target Support Files/Pods-RxSwiftUtilities tvOS/Pods-RxSwiftUtilities tvOS.debug.xcconfig"; sourceTree = "<group>"; };
		880343081DE303160055DA33 /* RxSwiftUtilities.framework */ = {isa = PBXFileReference; explicitFileType = wrapper.framework; includeInIndex = 0; path = RxSwiftUtilities.framework; sourceTree = BUILT_PRODUCTS_DIR; };
		8803430B1DE303160055DA33 /* RxSwiftUtilities.h */ = {isa = PBXFileReference; lastKnownFileType = sourcecode.c.h; path = RxSwiftUtilities.h; sourceTree = "<group>"; };
		8803430C1DE303160055DA33 /* Info.plist */ = {isa = PBXFileReference; lastKnownFileType = text.plist.xml; path = Info.plist; sourceTree = "<group>"; };
		880343111DE303160055DA33 /* RxSwiftUtilitiesTests iOS.xctest */ = {isa = PBXFileReference; explicitFileType = wrapper.cfbundle; includeInIndex = 0; path = "RxSwiftUtilitiesTests iOS.xctest"; sourceTree = BUILT_PRODUCTS_DIR; };
		880343181DE303160055DA33 /* Info.plist */ = {isa = PBXFileReference; lastKnownFileType = text.plist.xml; path = Info.plist; sourceTree = "<group>"; };
		8803436A1DE396290055DA33 /* ActivityIndicator.swift */ = {isa = PBXFileReference; fileEncoding = 4; lastKnownFileType = sourcecode.swift; path = ActivityIndicator.swift; sourceTree = "<group>"; };
		8803436E1DE397170055DA33 /* ActivityIndicatorTests.swift */ = {isa = PBXFileReference; fileEncoding = 4; lastKnownFileType = sourcecode.swift; path = ActivityIndicatorTests.swift; sourceTree = "<group>"; };
		888291A91DFAB458007E1E6B /* TwoWayBinding.swift */ = {isa = PBXFileReference; fileEncoding = 4; lastKnownFileType = sourcecode.swift; path = TwoWayBinding.swift; sourceTree = "<group>"; };
		888291AB1DFAB462007E1E6B /* TwoWayBindingTests.swift */ = {isa = PBXFileReference; fileEncoding = 4; lastKnownFileType = sourcecode.swift; path = TwoWayBindingTests.swift; sourceTree = "<group>"; };
		888CC1A01DE48A1000DAE48A /* RxSwiftUtilities.framework */ = {isa = PBXFileReference; explicitFileType = wrapper.framework; includeInIndex = 0; path = RxSwiftUtilities.framework; sourceTree = BUILT_PRODUCTS_DIR; };
		888CC1A81DE48A1000DAE48A /* RxSwiftUtilitiesTests tvOS.xctest */ = {isa = PBXFileReference; explicitFileType = wrapper.cfbundle; includeInIndex = 0; path = "RxSwiftUtilitiesTests tvOS.xctest"; sourceTree = BUILT_PRODUCTS_DIR; };
		888CC1CC1DE48E9000DAE48A /* RxSwiftUtilities.framework */ = {isa = PBXFileReference; explicitFileType = wrapper.framework; includeInIndex = 0; path = RxSwiftUtilities.framework; sourceTree = BUILT_PRODUCTS_DIR; };
		888CC1D41DE48E9100DAE48A /* RxSwiftUtilitiesTests macOS.xctest */ = {isa = PBXFileReference; explicitFileType = wrapper.cfbundle; includeInIndex = 0; path = "RxSwiftUtilitiesTests macOS.xctest"; sourceTree = BUILT_PRODUCTS_DIR; };
		88E73C611DE481A100C0D2F6 /* RxSwiftUtilities.framework */ = {isa = PBXFileReference; explicitFileType = wrapper.framework; includeInIndex = 0; path = RxSwiftUtilities.framework; sourceTree = BUILT_PRODUCTS_DIR; };
		BBC91C8C55D2EC35F9F1608E /* Pods_RxSwiftUtilities_macOS.framework */ = {isa = PBXFileReference; explicitFileType = wrapper.framework; includeInIndex = 0; path = Pods_RxSwiftUtilities_macOS.framework; sourceTree = BUILT_PRODUCTS_DIR; };
		D29C5A87ADCBCFA0B7E56434 /* Pods_RxSwiftUtilitiesTests_tvOS.framework */ = {isa = PBXFileReference; explicitFileType = wrapper.framework; includeInIndex = 0; path = Pods_RxSwiftUtilitiesTests_tvOS.framework; sourceTree = BUILT_PRODUCTS_DIR; };
		D7C532AF7154306ABD1D49FC /* Pods-RxSwiftUtilitiesTests macOS.debug.xcconfig */ = {isa = PBXFileReference; includeInIndex = 1; lastKnownFileType = text.xcconfig; name = "Pods-RxSwiftUtilitiesTests macOS.debug.xcconfig"; path = "Pods/Target Support Files/Pods-RxSwiftUtilitiesTests macOS/Pods-RxSwiftUtilitiesTests macOS.debug.xcconfig"; sourceTree = "<group>"; };
		DC0289C4EC5B432E2E0C30A9 /* Pods-RxSwiftUtilities macOS.debug.xcconfig */ = {isa = PBXFileReference; includeInIndex = 1; lastKnownFileType = text.xcconfig; name = "Pods-RxSwiftUtilities macOS.debug.xcconfig"; path = "Pods/Target Support Files/Pods-RxSwiftUtilities macOS/Pods-RxSwiftUtilities macOS.debug.xcconfig"; sourceTree = "<group>"; };
		E392741CF96DEF82AB2D145C /* Pods-RxSwiftUtilitiesTests macOS.release.xcconfig */ = {isa = PBXFileReference; includeInIndex = 1; lastKnownFileType = text.xcconfig; name = "Pods-RxSwiftUtilitiesTests macOS.release.xcconfig"; path = "Pods/Target Support Files/Pods-RxSwiftUtilitiesTests macOS/Pods-RxSwiftUtilitiesTests macOS.release.xcconfig"; sourceTree = "<group>"; };
		E50BE9FF414803703A1FAC69 /* Pods-RxSwiftUtilities tvOS.release.xcconfig */ = {isa = PBXFileReference; includeInIndex = 1; lastKnownFileType = text.xcconfig; name = "Pods-RxSwiftUtilities tvOS.release.xcconfig"; path = "Pods/Target Support Files/Pods-RxSwiftUtilities tvOS/Pods-RxSwiftUtilities tvOS.release.xcconfig"; sourceTree = "<group>"; };
		E5BF9CDC83502D4A247D7A84 /* Pods-RxSwiftUtilities macOS.release.xcconfig */ = {isa = PBXFileReference; includeInIndex = 1; lastKnownFileType = text.xcconfig; name = "Pods-RxSwiftUtilities macOS.release.xcconfig"; path = "Pods/Target Support Files/Pods-RxSwiftUtilities macOS/Pods-RxSwiftUtilities macOS.release.xcconfig"; sourceTree = "<group>"; };
		EE4F0567C22FF39FF18BED46 /* Pods_RxSwiftUtilitiesTests_iOS.framework */ = {isa = PBXFileReference; explicitFileType = wrapper.framework; includeInIndex = 0; path = Pods_RxSwiftUtilitiesTests_iOS.framework; sourceTree = BUILT_PRODUCTS_DIR; };
		F72C3751CFFA1B2DA8C87D58 /* Pods_RxSwiftUtilities_watchOS.framework */ = {isa = PBXFileReference; explicitFileType = wrapper.framework; includeInIndex = 0; path = Pods_RxSwiftUtilities_watchOS.framework; sourceTree = BUILT_PRODUCTS_DIR; };
		FC975084F0E47B2BF8299F53 /* Pods-RxSwiftUtilities watchOS.debug.xcconfig */ = {isa = PBXFileReference; includeInIndex = 1; lastKnownFileType = text.xcconfig; name = "Pods-RxSwiftUtilities watchOS.debug.xcconfig"; path = "Pods/Target Support Files/Pods-RxSwiftUtilities watchOS/Pods-RxSwiftUtilities watchOS.debug.xcconfig"; sourceTree = "<group>"; };
/* End PBXFileReference section */

/* Begin PBXFrameworksBuildPhase section */
		880343041DE303160055DA33 /* Frameworks */ = {
			isa = PBXFrameworksBuildPhase;
			buildActionMask = 2147483647;
			files = (
				7337A2E4640316C546A21595 /* Pods_RxSwiftUtilities_iOS.framework in Frameworks */,
			);
			runOnlyForDeploymentPostprocessing = 0;
		};
		8803430E1DE303160055DA33 /* Frameworks */ = {
			isa = PBXFrameworksBuildPhase;
			buildActionMask = 2147483647;
			files = (
				F7A696CC743148B5196523AF /* Pods_RxSwiftUtilitiesTests_iOS.framework in Frameworks */,
			);
			runOnlyForDeploymentPostprocessing = 0;
		};
		888CC19C1DE48A1000DAE48A /* Frameworks */ = {
			isa = PBXFrameworksBuildPhase;
			buildActionMask = 2147483647;
			files = (
				690E370A4FF5E8B2EE4E2E11 /* Pods_RxSwiftUtilities_tvOS.framework in Frameworks */,
			);
			runOnlyForDeploymentPostprocessing = 0;
		};
		888CC1A51DE48A1000DAE48A /* Frameworks */ = {
			isa = PBXFrameworksBuildPhase;
			buildActionMask = 2147483647;
			files = (
				888CC1A91DE48A1000DAE48A /* RxSwiftUtilities.framework in Frameworks */,
				CF07CDC94D4BADE642C82F24 /* Pods_RxSwiftUtilitiesTests_tvOS.framework in Frameworks */,
			);
			runOnlyForDeploymentPostprocessing = 0;
		};
		888CC1C81DE48E9000DAE48A /* Frameworks */ = {
			isa = PBXFrameworksBuildPhase;
			buildActionMask = 2147483647;
			files = (
				865387A85FB96E1D989F11CA /* Pods_RxSwiftUtilities_macOS.framework in Frameworks */,
			);
			runOnlyForDeploymentPostprocessing = 0;
		};
		888CC1D11DE48E9100DAE48A /* Frameworks */ = {
			isa = PBXFrameworksBuildPhase;
			buildActionMask = 2147483647;
			files = (
				888CC1D51DE48E9100DAE48A /* RxSwiftUtilities.framework in Frameworks */,
				1AE185C2B6A0E08106418F29 /* Pods_RxSwiftUtilitiesTests_macOS.framework in Frameworks */,
			);
			runOnlyForDeploymentPostprocessing = 0;
		};
		88E73C5D1DE481A100C0D2F6 /* Frameworks */ = {
			isa = PBXFrameworksBuildPhase;
			buildActionMask = 2147483647;
			files = (
				DBA879A4DF86FFBAB5265E86 /* Pods_RxSwiftUtilities_watchOS.framework in Frameworks */,
			);
			runOnlyForDeploymentPostprocessing = 0;
		};
/* End PBXFrameworksBuildPhase section */

/* Begin PBXGroup section */
		526DF5FAF185F7C89181A270 /* Pods */ = {
			isa = PBXGroup;
			children = (
				480A3684F1FA0AA10F95E7FB /* Pods-RxSwiftUtilitiesTests iOS.debug.xcconfig */,
				552922FCEAB7AAC28C32B5B3 /* Pods-RxSwiftUtilitiesTests iOS.release.xcconfig */,
				13B8E0EA17B3C0BECE37149B /* Pods-RxSwiftUtilities iOS.debug.xcconfig */,
				1A678C9D9C00FE1A6A45FE7B /* Pods-RxSwiftUtilities iOS.release.xcconfig */,
				DC0289C4EC5B432E2E0C30A9 /* Pods-RxSwiftUtilities macOS.debug.xcconfig */,
				E5BF9CDC83502D4A247D7A84 /* Pods-RxSwiftUtilities macOS.release.xcconfig */,
				D7C532AF7154306ABD1D49FC /* Pods-RxSwiftUtilitiesTests macOS.debug.xcconfig */,
				E392741CF96DEF82AB2D145C /* Pods-RxSwiftUtilitiesTests macOS.release.xcconfig */,
				860B3C7B6B2F6156FE244574 /* Pods-RxSwiftUtilities tvOS.debug.xcconfig */,
				E50BE9FF414803703A1FAC69 /* Pods-RxSwiftUtilities tvOS.release.xcconfig */,
				7ABBADC9701E2C3C1DA2BDA7 /* Pods-RxSwiftUtilitiesTests tvOS.debug.xcconfig */,
				2CE897524CB685087D1E6D01 /* Pods-RxSwiftUtilitiesTests tvOS.release.xcconfig */,
				FC975084F0E47B2BF8299F53 /* Pods-RxSwiftUtilities watchOS.debug.xcconfig */,
				525654F4E01A3671B31435FD /* Pods-RxSwiftUtilities watchOS.release.xcconfig */,
			);
			name = Pods;
			sourceTree = "<group>";
		};
		880342FE1DE303160055DA33 = {
			isa = PBXGroup;
			children = (
				8803430A1DE303160055DA33 /* Source */,
				880343151DE303160055DA33 /* Tests */,
				880343091DE303160055DA33 /* Products */,
				526DF5FAF185F7C89181A270 /* Pods */,
				FA63D2114E50E889FB0045E0 /* Frameworks */,
			);
			sourceTree = "<group>";
		};
		880343091DE303160055DA33 /* Products */ = {
			isa = PBXGroup;
			children = (
				880343081DE303160055DA33 /* RxSwiftUtilities.framework */,
				880343111DE303160055DA33 /* RxSwiftUtilitiesTests iOS.xctest */,
				88E73C611DE481A100C0D2F6 /* RxSwiftUtilities.framework */,
				888CC1A01DE48A1000DAE48A /* RxSwiftUtilities.framework */,
				888CC1A81DE48A1000DAE48A /* RxSwiftUtilitiesTests tvOS.xctest */,
				888CC1CC1DE48E9000DAE48A /* RxSwiftUtilities.framework */,
				888CC1D41DE48E9100DAE48A /* RxSwiftUtilitiesTests macOS.xctest */,
			);
			name = Products;
			sourceTree = "<group>";
		};
		8803430A1DE303160055DA33 /* Source */ = {
			isa = PBXGroup;
			children = (
				8803436A1DE396290055DA33 /* ActivityIndicator.swift */,
				888291A91DFAB458007E1E6B /* TwoWayBinding.swift */,
				880343321DE315A90055DA33 /* Supporting Files */,
			);
			path = Source;
			sourceTree = "<group>";
		};
		880343151DE303160055DA33 /* Tests */ = {
			isa = PBXGroup;
			children = (
				8803436E1DE397170055DA33 /* ActivityIndicatorTests.swift */,
				888291AB1DFAB462007E1E6B /* TwoWayBindingTests.swift */,
				880343331DE315B70055DA33 /* Supporting Files */,
			);
			path = Tests;
			sourceTree = "<group>";
		};
		880343321DE315A90055DA33 /* Supporting Files */ = {
			isa = PBXGroup;
			children = (
				8803430B1DE303160055DA33 /* RxSwiftUtilities.h */,
				8803430C1DE303160055DA33 /* Info.plist */,
			);
			name = "Supporting Files";
			sourceTree = "<group>";
		};
		880343331DE315B70055DA33 /* Supporting Files */ = {
			isa = PBXGroup;
			children = (
				880343181DE303160055DA33 /* Info.plist */,
			);
			name = "Supporting Files";
			sourceTree = "<group>";
		};
		FA63D2114E50E889FB0045E0 /* Frameworks */ = {
			isa = PBXGroup;
			children = (
				EE4F0567C22FF39FF18BED46 /* Pods_RxSwiftUtilitiesTests_iOS.framework */,
				547FD40D1DF6D83A47769F17 /* Pods_RxSwiftUtilities_iOS.framework */,
				BBC91C8C55D2EC35F9F1608E /* Pods_RxSwiftUtilities_macOS.framework */,
				7DF58639394AFFD38F237A9E /* Pods_RxSwiftUtilitiesTests_macOS.framework */,
				49ED22AD5B8A477DBDFA0B32 /* Pods_RxSwiftUtilities_tvOS.framework */,
				D29C5A87ADCBCFA0B7E56434 /* Pods_RxSwiftUtilitiesTests_tvOS.framework */,
				F72C3751CFFA1B2DA8C87D58 /* Pods_RxSwiftUtilities_watchOS.framework */,
			);
			name = Frameworks;
			sourceTree = "<group>";
		};
/* End PBXGroup section */

/* Begin PBXHeadersBuildPhase section */
		880343051DE303160055DA33 /* Headers */ = {
			isa = PBXHeadersBuildPhase;
			buildActionMask = 2147483647;
			files = (
				880343191DE303160055DA33 /* RxSwiftUtilities.h in Headers */,
			);
			runOnlyForDeploymentPostprocessing = 0;
		};
		888CC19D1DE48A1000DAE48A /* Headers */ = {
			isa = PBXHeadersBuildPhase;
			buildActionMask = 2147483647;
			files = (
				888CC1B81DE48AD700DAE48A /* RxSwiftUtilities.h in Headers */,
			);
			runOnlyForDeploymentPostprocessing = 0;
		};
		888CC1C91DE48E9000DAE48A /* Headers */ = {
			isa = PBXHeadersBuildPhase;
			buildActionMask = 2147483647;
			files = (
				888CC1E31DE48F9A00DAE48A /* RxSwiftUtilities.h in Headers */,
			);
			runOnlyForDeploymentPostprocessing = 0;
		};
		88E73C5E1DE481A100C0D2F6 /* Headers */ = {
			isa = PBXHeadersBuildPhase;
			buildActionMask = 2147483647;
			files = (
				88E73C691DE481F600C0D2F6 /* RxSwiftUtilities.h in Headers */,
			);
			runOnlyForDeploymentPostprocessing = 0;
		};
/* End PBXHeadersBuildPhase section */

/* Begin PBXNativeTarget section */
		880343071DE303160055DA33 /* RxSwiftUtilities iOS */ = {
			isa = PBXNativeTarget;
			buildConfigurationList = 8803431C1DE303160055DA33 /* Build configuration list for PBXNativeTarget "RxSwiftUtilities iOS" */;
			buildPhases = (
				F91EC29F347F26AAE906DF8E /* [CP] Check Pods Manifest.lock */,
				880343031DE303160055DA33 /* Sources */,
				880343041DE303160055DA33 /* Frameworks */,
				880343051DE303160055DA33 /* Headers */,
				880343061DE303160055DA33 /* Resources */,
				EA2655E4A16F4D2D1B7A34FB /* [CP] Copy Pods Resources */,
			);
			buildRules = (
			);
			dependencies = (
			);
			name = "RxSwiftUtilities iOS";
			productName = RxSwiftUtilities;
			productReference = 880343081DE303160055DA33 /* RxSwiftUtilities.framework */;
			productType = "com.apple.product-type.framework";
		};
		880343101DE303160055DA33 /* RxSwiftUtilitiesTests iOS */ = {
			isa = PBXNativeTarget;
			buildConfigurationList = 8803431F1DE303160055DA33 /* Build configuration list for PBXNativeTarget "RxSwiftUtilitiesTests iOS" */;
			buildPhases = (
				352FB5E52BBFDD9A54AB8985 /* [CP] Check Pods Manifest.lock */,
				8803430D1DE303160055DA33 /* Sources */,
				8803430E1DE303160055DA33 /* Frameworks */,
				8803430F1DE303160055DA33 /* Resources */,
				F2D4E99AA5D647A9BCD9B902 /* [CP] Embed Pods Frameworks */,
				8B114AFCE8F04D8BF177E939 /* [CP] Copy Pods Resources */,
			);
			buildRules = (
			);
			dependencies = (
				880343141DE303160055DA33 /* PBXTargetDependency */,
			);
			name = "RxSwiftUtilitiesTests iOS";
			productName = RxSwiftUtilitiesTests;
			productReference = 880343111DE303160055DA33 /* RxSwiftUtilitiesTests iOS.xctest */;
			productType = "com.apple.product-type.bundle.unit-test";
		};
		888CC19F1DE48A1000DAE48A /* RxSwiftUtilities tvOS */ = {
			isa = PBXNativeTarget;
			buildConfigurationList = 888CC1B11DE48A1000DAE48A /* Build configuration list for PBXNativeTarget "RxSwiftUtilities tvOS" */;
			buildPhases = (
				0607E936C36C2FDD643D03DA /* [CP] Check Pods Manifest.lock */,
				888CC19B1DE48A1000DAE48A /* Sources */,
				888CC19C1DE48A1000DAE48A /* Frameworks */,
				888CC19D1DE48A1000DAE48A /* Headers */,
				888CC19E1DE48A1000DAE48A /* Resources */,
				7C046F4BFFD2DDCB692508FA /* [CP] Copy Pods Resources */,
			);
			buildRules = (
			);
			dependencies = (
			);
			name = "RxSwiftUtilities tvOS";
			productName = "RxSwiftUtilities tvOS";
			productReference = 888CC1A01DE48A1000DAE48A /* RxSwiftUtilities.framework */;
			productType = "com.apple.product-type.framework";
		};
		888CC1A71DE48A1000DAE48A /* RxSwiftUtilitiesTests tvOS */ = {
			isa = PBXNativeTarget;
			buildConfigurationList = 888CC1B41DE48A1000DAE48A /* Build configuration list for PBXNativeTarget "RxSwiftUtilitiesTests tvOS" */;
			buildPhases = (
				FB58B9D5710BE6B18DE210BC /* [CP] Check Pods Manifest.lock */,
				888CC1A41DE48A1000DAE48A /* Sources */,
				888CC1A51DE48A1000DAE48A /* Frameworks */,
				888CC1A61DE48A1000DAE48A /* Resources */,
				3011BFCDFD51A2EBEDE7F674 /* [CP] Embed Pods Frameworks */,
				DA0053735383B6DC62C3DDF2 /* [CP] Copy Pods Resources */,
			);
			buildRules = (
			);
			dependencies = (
				888CC1AB1DE48A1000DAE48A /* PBXTargetDependency */,
			);
			name = "RxSwiftUtilitiesTests tvOS";
			productName = "RxSwiftUtilities tvOSTests";
			productReference = 888CC1A81DE48A1000DAE48A /* RxSwiftUtilitiesTests tvOS.xctest */;
			productType = "com.apple.product-type.bundle.unit-test";
		};
		888CC1CB1DE48E9000DAE48A /* RxSwiftUtilities macOS */ = {
			isa = PBXNativeTarget;
			buildConfigurationList = 888CC1E11DE48E9100DAE48A /* Build configuration list for PBXNativeTarget "RxSwiftUtilities macOS" */;
			buildPhases = (
				62926F2452968261E8C2C04D /* [CP] Check Pods Manifest.lock */,
				888CC1C71DE48E9000DAE48A /* Sources */,
				888CC1C81DE48E9000DAE48A /* Frameworks */,
				888CC1C91DE48E9000DAE48A /* Headers */,
				888CC1CA1DE48E9000DAE48A /* Resources */,
				427A16C1B94AF42E2BE02300 /* [CP] Copy Pods Resources */,
			);
			buildRules = (
			);
			dependencies = (
			);
			name = "RxSwiftUtilities macOS";
			productName = "RxSwiftUtilities macOS";
			productReference = 888CC1CC1DE48E9000DAE48A /* RxSwiftUtilities.framework */;
			productType = "com.apple.product-type.framework";
		};
		888CC1D31DE48E9100DAE48A /* RxSwiftUtilitiesTests macOS */ = {
			isa = PBXNativeTarget;
			buildConfigurationList = 888CC1E21DE48E9100DAE48A /* Build configuration list for PBXNativeTarget "RxSwiftUtilitiesTests macOS" */;
			buildPhases = (
				C309274687CAE79EE3700971 /* [CP] Check Pods Manifest.lock */,
				888CC1D01DE48E9100DAE48A /* Sources */,
				888CC1D11DE48E9100DAE48A /* Frameworks */,
				888CC1D21DE48E9100DAE48A /* Resources */,
				F8814540ADB13714D0EA8EEC /* [CP] Embed Pods Frameworks */,
				F37AFE4776A1D327D3BAF671 /* [CP] Copy Pods Resources */,
			);
			buildRules = (
			);
			dependencies = (
				888CC1D71DE48E9100DAE48A /* PBXTargetDependency */,
			);
			name = "RxSwiftUtilitiesTests macOS";
			productName = "RxSwiftUtilities macOSTests";
			productReference = 888CC1D41DE48E9100DAE48A /* RxSwiftUtilitiesTests macOS.xctest */;
			productType = "com.apple.product-type.bundle.unit-test";
		};
		88E73C601DE481A100C0D2F6 /* RxSwiftUtilities watchOS */ = {
			isa = PBXNativeTarget;
			buildConfigurationList = 88E73C681DE481A100C0D2F6 /* Build configuration list for PBXNativeTarget "RxSwiftUtilities watchOS" */;
			buildPhases = (
				66F5B525812F351FEF0F53E1 /* [CP] Check Pods Manifest.lock */,
				88E73C5C1DE481A100C0D2F6 /* Sources */,
				88E73C5D1DE481A100C0D2F6 /* Frameworks */,
				88E73C5E1DE481A100C0D2F6 /* Headers */,
				88E73C5F1DE481A100C0D2F6 /* Resources */,
				C3613977319CAD218436A65E /* [CP] Copy Pods Resources */,
			);
			buildRules = (
			);
			dependencies = (
			);
			name = "RxSwiftUtilities watchOS";
			productName = "RxSwiftUtilities watchOS";
			productReference = 88E73C611DE481A100C0D2F6 /* RxSwiftUtilities.framework */;
			productType = "com.apple.product-type.framework";
		};
/* End PBXNativeTarget section */

/* Begin PBXProject section */
		880342FF1DE303160055DA33 /* Project object */ = {
			isa = PBXProject;
			attributes = {
				LastSwiftUpdateCheck = 0800;
				LastUpgradeCheck = 0800;
				ORGANIZATIONNAME = RxSwiftCommunity;
				TargetAttributes = {
					880343071DE303160055DA33 = {
						CreatedOnToolsVersion = 8.0;
						LastSwiftMigration = 0800;
						ProvisioningStyle = Automatic;
					};
					880343101DE303160055DA33 = {
						CreatedOnToolsVersion = 8.0;
						ProvisioningStyle = Automatic;
					};
					888CC19F1DE48A1000DAE48A = {
						CreatedOnToolsVersion = 8.0;
						ProvisioningStyle = Automatic;
					};
					888CC1A71DE48A1000DAE48A = {
						CreatedOnToolsVersion = 8.0;
						ProvisioningStyle = Automatic;
					};
					888CC1CB1DE48E9000DAE48A = {
						CreatedOnToolsVersion = 8.0;
						ProvisioningStyle = Automatic;
					};
					888CC1D31DE48E9100DAE48A = {
						CreatedOnToolsVersion = 8.0;
						ProvisioningStyle = Automatic;
					};
					88E73C601DE481A100C0D2F6 = {
						CreatedOnToolsVersion = 8.0;
						ProvisioningStyle = Automatic;
					};
				};
			};
			buildConfigurationList = 880343021DE303160055DA33 /* Build configuration list for PBXProject "RxSwiftUtilities" */;
			compatibilityVersion = "Xcode 3.2";
			developmentRegion = English;
			hasScannedForEncodings = 0;
			knownRegions = (
				en,
			);
			mainGroup = 880342FE1DE303160055DA33;
			productRefGroup = 880343091DE303160055DA33 /* Products */;
			projectDirPath = "";
			projectRoot = "";
			targets = (
				880343071DE303160055DA33 /* RxSwiftUtilities iOS */,
				888CC1CB1DE48E9000DAE48A /* RxSwiftUtilities macOS */,
				888CC19F1DE48A1000DAE48A /* RxSwiftUtilities tvOS */,
				88E73C601DE481A100C0D2F6 /* RxSwiftUtilities watchOS */,
				880343101DE303160055DA33 /* RxSwiftUtilitiesTests iOS */,
				888CC1D31DE48E9100DAE48A /* RxSwiftUtilitiesTests macOS */,
				888CC1A71DE48A1000DAE48A /* RxSwiftUtilitiesTests tvOS */,
			);
		};
/* End PBXProject section */

/* Begin PBXResourcesBuildPhase section */
		880343061DE303160055DA33 /* Resources */ = {
			isa = PBXResourcesBuildPhase;
			buildActionMask = 2147483647;
			files = (
			);
			runOnlyForDeploymentPostprocessing = 0;
		};
		8803430F1DE303160055DA33 /* Resources */ = {
			isa = PBXResourcesBuildPhase;
			buildActionMask = 2147483647;
			files = (
			);
			runOnlyForDeploymentPostprocessing = 0;
		};
		888CC19E1DE48A1000DAE48A /* Resources */ = {
			isa = PBXResourcesBuildPhase;
			buildActionMask = 2147483647;
			files = (
			);
			runOnlyForDeploymentPostprocessing = 0;
		};
		888CC1A61DE48A1000DAE48A /* Resources */ = {
			isa = PBXResourcesBuildPhase;
			buildActionMask = 2147483647;
			files = (
			);
			runOnlyForDeploymentPostprocessing = 0;
		};
		888CC1CA1DE48E9000DAE48A /* Resources */ = {
			isa = PBXResourcesBuildPhase;
			buildActionMask = 2147483647;
			files = (
			);
			runOnlyForDeploymentPostprocessing = 0;
		};
		888CC1D21DE48E9100DAE48A /* Resources */ = {
			isa = PBXResourcesBuildPhase;
			buildActionMask = 2147483647;
			files = (
			);
			runOnlyForDeploymentPostprocessing = 0;
		};
		88E73C5F1DE481A100C0D2F6 /* Resources */ = {
			isa = PBXResourcesBuildPhase;
			buildActionMask = 2147483647;
			files = (
			);
			runOnlyForDeploymentPostprocessing = 0;
		};
/* End PBXResourcesBuildPhase section */

/* Begin PBXShellScriptBuildPhase section */
		0607E936C36C2FDD643D03DA /* [CP] Check Pods Manifest.lock */ = {
			isa = PBXShellScriptBuildPhase;
			buildActionMask = 2147483647;
			files = (
			);
			inputPaths = (
			);
			name = "[CP] Check Pods Manifest.lock";
			outputPaths = (
			);
			runOnlyForDeploymentPostprocessing = 0;
			shellPath = /bin/sh;
			shellScript = "diff \"${PODS_ROOT}/../Podfile.lock\" \"${PODS_ROOT}/Manifest.lock\" > /dev/null\nif [ $? != 0 ] ; then\n    # print error to STDERR\n    echo \"error: The sandbox is not in sync with the Podfile.lock. Run 'pod install' or update your CocoaPods installation.\" >&2\n    exit 1\nfi\n";
			showEnvVarsInLog = 0;
		};
		3011BFCDFD51A2EBEDE7F674 /* [CP] Embed Pods Frameworks */ = {
			isa = PBXShellScriptBuildPhase;
			buildActionMask = 2147483647;
			files = (
			);
			inputPaths = (
			);
			name = "[CP] Embed Pods Frameworks";
			outputPaths = (
			);
			runOnlyForDeploymentPostprocessing = 0;
			shellPath = /bin/sh;
			shellScript = "\"${SRCROOT}/Pods/Target Support Files/Pods-RxSwiftUtilitiesTests tvOS/Pods-RxSwiftUtilitiesTests tvOS-frameworks.sh\"\n";
			showEnvVarsInLog = 0;
		};
		352FB5E52BBFDD9A54AB8985 /* [CP] Check Pods Manifest.lock */ = {
			isa = PBXShellScriptBuildPhase;
			buildActionMask = 2147483647;
			files = (
			);
			inputPaths = (
			);
			name = "[CP] Check Pods Manifest.lock";
			outputPaths = (
			);
			runOnlyForDeploymentPostprocessing = 0;
			shellPath = /bin/sh;
			shellScript = "diff \"${PODS_ROOT}/../Podfile.lock\" \"${PODS_ROOT}/Manifest.lock\" > /dev/null\nif [ $? != 0 ] ; then\n    # print error to STDERR\n    echo \"error: The sandbox is not in sync with the Podfile.lock. Run 'pod install' or update your CocoaPods installation.\" >&2\n    exit 1\nfi\n";
			showEnvVarsInLog = 0;
		};
		427A16C1B94AF42E2BE02300 /* [CP] Copy Pods Resources */ = {
			isa = PBXShellScriptBuildPhase;
			buildActionMask = 2147483647;
			files = (
			);
			inputPaths = (
			);
			name = "[CP] Copy Pods Resources";
			outputPaths = (
			);
			runOnlyForDeploymentPostprocessing = 0;
			shellPath = /bin/sh;
			shellScript = "\"${SRCROOT}/Pods/Target Support Files/Pods-RxSwiftUtilities macOS/Pods-RxSwiftUtilities macOS-resources.sh\"\n";
			showEnvVarsInLog = 0;
		};
		62926F2452968261E8C2C04D /* [CP] Check Pods Manifest.lock */ = {
			isa = PBXShellScriptBuildPhase;
			buildActionMask = 2147483647;
			files = (
			);
			inputPaths = (
			);
			name = "[CP] Check Pods Manifest.lock";
			outputPaths = (
			);
			runOnlyForDeploymentPostprocessing = 0;
			shellPath = /bin/sh;
			shellScript = "diff \"${PODS_ROOT}/../Podfile.lock\" \"${PODS_ROOT}/Manifest.lock\" > /dev/null\nif [ $? != 0 ] ; then\n    # print error to STDERR\n    echo \"error: The sandbox is not in sync with the Podfile.lock. Run 'pod install' or update your CocoaPods installation.\" >&2\n    exit 1\nfi\n";
			showEnvVarsInLog = 0;
		};
		66F5B525812F351FEF0F53E1 /* [CP] Check Pods Manifest.lock */ = {
			isa = PBXShellScriptBuildPhase;
			buildActionMask = 2147483647;
			files = (
			);
			inputPaths = (
			);
			name = "[CP] Check Pods Manifest.lock";
			outputPaths = (
			);
			runOnlyForDeploymentPostprocessing = 0;
			shellPath = /bin/sh;
			shellScript = "diff \"${PODS_ROOT}/../Podfile.lock\" \"${PODS_ROOT}/Manifest.lock\" > /dev/null\nif [ $? != 0 ] ; then\n    # print error to STDERR\n    echo \"error: The sandbox is not in sync with the Podfile.lock. Run 'pod install' or update your CocoaPods installation.\" >&2\n    exit 1\nfi\n";
			showEnvVarsInLog = 0;
		};
		7C046F4BFFD2DDCB692508FA /* [CP] Copy Pods Resources */ = {
			isa = PBXShellScriptBuildPhase;
			buildActionMask = 2147483647;
			files = (
			);
			inputPaths = (
			);
			name = "[CP] Copy Pods Resources";
			outputPaths = (
			);
			runOnlyForDeploymentPostprocessing = 0;
			shellPath = /bin/sh;
			shellScript = "\"${SRCROOT}/Pods/Target Support Files/Pods-RxSwiftUtilities tvOS/Pods-RxSwiftUtilities tvOS-resources.sh\"\n";
			showEnvVarsInLog = 0;
		};
		8B114AFCE8F04D8BF177E939 /* [CP] Copy Pods Resources */ = {
			isa = PBXShellScriptBuildPhase;
			buildActionMask = 2147483647;
			files = (
			);
			inputPaths = (
			);
			name = "[CP] Copy Pods Resources";
			outputPaths = (
			);
			runOnlyForDeploymentPostprocessing = 0;
			shellPath = /bin/sh;
			shellScript = "\"${SRCROOT}/Pods/Target Support Files/Pods-RxSwiftUtilitiesTests iOS/Pods-RxSwiftUtilitiesTests iOS-resources.sh\"\n";
			showEnvVarsInLog = 0;
		};
		C309274687CAE79EE3700971 /* [CP] Check Pods Manifest.lock */ = {
			isa = PBXShellScriptBuildPhase;
			buildActionMask = 2147483647;
			files = (
			);
			inputPaths = (
			);
			name = "[CP] Check Pods Manifest.lock";
			outputPaths = (
			);
			runOnlyForDeploymentPostprocessing = 0;
			shellPath = /bin/sh;
			shellScript = "diff \"${PODS_ROOT}/../Podfile.lock\" \"${PODS_ROOT}/Manifest.lock\" > /dev/null\nif [ $? != 0 ] ; then\n    # print error to STDERR\n    echo \"error: The sandbox is not in sync with the Podfile.lock. Run 'pod install' or update your CocoaPods installation.\" >&2\n    exit 1\nfi\n";
			showEnvVarsInLog = 0;
		};
		C3613977319CAD218436A65E /* [CP] Copy Pods Resources */ = {
			isa = PBXShellScriptBuildPhase;
			buildActionMask = 2147483647;
			files = (
			);
			inputPaths = (
			);
			name = "[CP] Copy Pods Resources";
			outputPaths = (
			);
			runOnlyForDeploymentPostprocessing = 0;
			shellPath = /bin/sh;
			shellScript = "\"${SRCROOT}/Pods/Target Support Files/Pods-RxSwiftUtilities watchOS/Pods-RxSwiftUtilities watchOS-resources.sh\"\n";
			showEnvVarsInLog = 0;
		};
		DA0053735383B6DC62C3DDF2 /* [CP] Copy Pods Resources */ = {
			isa = PBXShellScriptBuildPhase;
			buildActionMask = 2147483647;
			files = (
			);
			inputPaths = (
			);
			name = "[CP] Copy Pods Resources";
			outputPaths = (
			);
			runOnlyForDeploymentPostprocessing = 0;
			shellPath = /bin/sh;
			shellScript = "\"${SRCROOT}/Pods/Target Support Files/Pods-RxSwiftUtilitiesTests tvOS/Pods-RxSwiftUtilitiesTests tvOS-resources.sh\"\n";
			showEnvVarsInLog = 0;
		};
		EA2655E4A16F4D2D1B7A34FB /* [CP] Copy Pods Resources */ = {
			isa = PBXShellScriptBuildPhase;
			buildActionMask = 2147483647;
			files = (
			);
			inputPaths = (
			);
			name = "[CP] Copy Pods Resources";
			outputPaths = (
			);
			runOnlyForDeploymentPostprocessing = 0;
			shellPath = /bin/sh;
			shellScript = "\"${SRCROOT}/Pods/Target Support Files/Pods-RxSwiftUtilities iOS/Pods-RxSwiftUtilities iOS-resources.sh\"\n";
			showEnvVarsInLog = 0;
		};
		F2D4E99AA5D647A9BCD9B902 /* [CP] Embed Pods Frameworks */ = {
			isa = PBXShellScriptBuildPhase;
			buildActionMask = 2147483647;
			files = (
			);
			inputPaths = (
			);
			name = "[CP] Embed Pods Frameworks";
			outputPaths = (
			);
			runOnlyForDeploymentPostprocessing = 0;
			shellPath = /bin/sh;
			shellScript = "\"${SRCROOT}/Pods/Target Support Files/Pods-RxSwiftUtilitiesTests iOS/Pods-RxSwiftUtilitiesTests iOS-frameworks.sh\"\n";
			showEnvVarsInLog = 0;
		};
		F37AFE4776A1D327D3BAF671 /* [CP] Copy Pods Resources */ = {
			isa = PBXShellScriptBuildPhase;
			buildActionMask = 2147483647;
			files = (
			);
			inputPaths = (
			);
			name = "[CP] Copy Pods Resources";
			outputPaths = (
			);
			runOnlyForDeploymentPostprocessing = 0;
			shellPath = /bin/sh;
			shellScript = "\"${SRCROOT}/Pods/Target Support Files/Pods-RxSwiftUtilitiesTests macOS/Pods-RxSwiftUtilitiesTests macOS-resources.sh\"\n";
			showEnvVarsInLog = 0;
		};
		F8814540ADB13714D0EA8EEC /* [CP] Embed Pods Frameworks */ = {
			isa = PBXShellScriptBuildPhase;
			buildActionMask = 2147483647;
			files = (
			);
			inputPaths = (
			);
			name = "[CP] Embed Pods Frameworks";
			outputPaths = (
			);
			runOnlyForDeploymentPostprocessing = 0;
			shellPath = /bin/sh;
			shellScript = "\"${SRCROOT}/Pods/Target Support Files/Pods-RxSwiftUtilitiesTests macOS/Pods-RxSwiftUtilitiesTests macOS-frameworks.sh\"\n";
			showEnvVarsInLog = 0;
		};
		F91EC29F347F26AAE906DF8E /* [CP] Check Pods Manifest.lock */ = {
			isa = PBXShellScriptBuildPhase;
			buildActionMask = 2147483647;
			files = (
			);
			inputPaths = (
			);
			name = "[CP] Check Pods Manifest.lock";
			outputPaths = (
			);
			runOnlyForDeploymentPostprocessing = 0;
			shellPath = /bin/sh;
			shellScript = "diff \"${PODS_ROOT}/../Podfile.lock\" \"${PODS_ROOT}/Manifest.lock\" > /dev/null\nif [ $? != 0 ] ; then\n    # print error to STDERR\n    echo \"error: The sandbox is not in sync with the Podfile.lock. Run 'pod install' or update your CocoaPods installation.\" >&2\n    exit 1\nfi\n";
			showEnvVarsInLog = 0;
		};
		FB58B9D5710BE6B18DE210BC /* [CP] Check Pods Manifest.lock */ = {
			isa = PBXShellScriptBuildPhase;
			buildActionMask = 2147483647;
			files = (
			);
			inputPaths = (
			);
			name = "[CP] Check Pods Manifest.lock";
			outputPaths = (
			);
			runOnlyForDeploymentPostprocessing = 0;
			shellPath = /bin/sh;
			shellScript = "diff \"${PODS_ROOT}/../Podfile.lock\" \"${PODS_ROOT}/Manifest.lock\" > /dev/null\nif [ $? != 0 ] ; then\n    # print error to STDERR\n    echo \"error: The sandbox is not in sync with the Podfile.lock. Run 'pod install' or update your CocoaPods installation.\" >&2\n    exit 1\nfi\n";
			showEnvVarsInLog = 0;
		};
/* End PBXShellScriptBuildPhase section */

/* Begin PBXSourcesBuildPhase section */
		880343031DE303160055DA33 /* Sources */ = {
			isa = PBXSourcesBuildPhase;
			buildActionMask = 2147483647;
			files = (
				888291AA1DFAB459007E1E6B /* TwoWayBinding.swift in Sources */,
				8803436B1DE396290055DA33 /* ActivityIndicator.swift in Sources */,
			);
			runOnlyForDeploymentPostprocessing = 0;
		};
		8803430D1DE303160055DA33 /* Sources */ = {
			isa = PBXSourcesBuildPhase;
			buildActionMask = 2147483647;
			files = (
				888291AE1DFAB9CF007E1E6B /* TwoWayBindingTests.swift in Sources */,
				8803436F1DE397170055DA33 /* ActivityIndicatorTests.swift in Sources */,
			);
			runOnlyForDeploymentPostprocessing = 0;
		};
		888CC19B1DE48A1000DAE48A /* Sources */ = {
			isa = PBXSourcesBuildPhase;
			buildActionMask = 2147483647;
			files = (
				888CC1B91DE48ADF00DAE48A /* ActivityIndicator.swift in Sources */,
			);
			runOnlyForDeploymentPostprocessing = 0;
		};
		888CC1A41DE48A1000DAE48A /* Sources */ = {
			isa = PBXSourcesBuildPhase;
			buildActionMask = 2147483647;
			files = (
				888CC1BA1DE48AE400DAE48A /* ActivityIndicatorTests.swift in Sources */,
			);
			runOnlyForDeploymentPostprocessing = 0;
		};
		888CC1C71DE48E9000DAE48A /* Sources */ = {
			isa = PBXSourcesBuildPhase;
			buildActionMask = 2147483647;
			files = (
				888292081DFDA78E007E1E6B /* TwoWayBinding.swift in Sources */,
				888CC1E41DE48FB300DAE48A /* ActivityIndicator.swift in Sources */,
			);
			runOnlyForDeploymentPostprocessing = 0;
		};
		888CC1D01DE48E9100DAE48A /* Sources */ = {
			isa = PBXSourcesBuildPhase;
			buildActionMask = 2147483647;
			files = (
				888292071DFDA31B007E1E6B /* TwoWayBindingTests.swift in Sources */,
				888CC1E51DE48FBA00DAE48A /* ActivityIndicatorTests.swift in Sources */,
			);
			runOnlyForDeploymentPostprocessing = 0;
		};
		88E73C5C1DE481A100C0D2F6 /* Sources */ = {
			isa = PBXSourcesBuildPhase;
			buildActionMask = 2147483647;
			files = (
				88E73C6A1DE4821F00C0D2F6 /* ActivityIndicator.swift in Sources */,
			);
			runOnlyForDeploymentPostprocessing = 0;
		};
/* End PBXSourcesBuildPhase section */

/* Begin PBXTargetDependency section */
		880343141DE303160055DA33 /* PBXTargetDependency */ = {
			isa = PBXTargetDependency;
			target = 880343071DE303160055DA33 /* RxSwiftUtilities iOS */;
			targetProxy = 880343131DE303160055DA33 /* PBXContainerItemProxy */;
		};
		888CC1AB1DE48A1000DAE48A /* PBXTargetDependency */ = {
			isa = PBXTargetDependency;
			target = 888CC19F1DE48A1000DAE48A /* RxSwiftUtilities tvOS */;
			targetProxy = 888CC1AA1DE48A1000DAE48A /* PBXContainerItemProxy */;
		};
		888CC1D71DE48E9100DAE48A /* PBXTargetDependency */ = {
			isa = PBXTargetDependency;
			target = 888CC1CB1DE48E9000DAE48A /* RxSwiftUtilities macOS */;
			targetProxy = 888CC1D61DE48E9100DAE48A /* PBXContainerItemProxy */;
		};
/* End PBXTargetDependency section */

/* Begin XCBuildConfiguration section */
		8803431A1DE303160055DA33 /* Debug */ = {
			isa = XCBuildConfiguration;
			buildSettings = {
				ALWAYS_SEARCH_USER_PATHS = NO;
				CLANG_ANALYZER_NONNULL = YES;
				CLANG_CXX_LANGUAGE_STANDARD = "gnu++0x";
				CLANG_CXX_LIBRARY = "libc++";
				CLANG_ENABLE_MODULES = YES;
				CLANG_ENABLE_OBJC_ARC = YES;
				CLANG_WARN_BOOL_CONVERSION = YES;
				CLANG_WARN_CONSTANT_CONVERSION = YES;
				CLANG_WARN_DIRECT_OBJC_ISA_USAGE = YES_ERROR;
				CLANG_WARN_DOCUMENTATION_COMMENTS = YES;
				CLANG_WARN_EMPTY_BODY = YES;
				CLANG_WARN_ENUM_CONVERSION = YES;
				CLANG_WARN_INFINITE_RECURSION = YES;
				CLANG_WARN_INT_CONVERSION = YES;
				CLANG_WARN_OBJC_ROOT_CLASS = YES_ERROR;
				CLANG_WARN_SUSPICIOUS_MOVES = YES;
				CLANG_WARN_UNREACHABLE_CODE = YES;
				CLANG_WARN__DUPLICATE_METHOD_MATCH = YES;
				"CODE_SIGN_IDENTITY[sdk=iphoneos*]" = "iPhone Developer";
				COPY_PHASE_STRIP = NO;
				CURRENT_PROJECT_VERSION = 1;
				DEBUG_INFORMATION_FORMAT = dwarf;
				ENABLE_STRICT_OBJC_MSGSEND = YES;
				ENABLE_TESTABILITY = YES;
				GCC_C_LANGUAGE_STANDARD = gnu99;
				GCC_DYNAMIC_NO_PIC = NO;
				GCC_NO_COMMON_BLOCKS = YES;
				GCC_OPTIMIZATION_LEVEL = 0;
				GCC_PREPROCESSOR_DEFINITIONS = (
					"DEBUG=1",
					"$(inherited)",
				);
				GCC_WARN_64_TO_32_BIT_CONVERSION = YES;
				GCC_WARN_ABOUT_RETURN_TYPE = YES_ERROR;
				GCC_WARN_UNDECLARED_SELECTOR = YES;
				GCC_WARN_UNINITIALIZED_AUTOS = YES_AGGRESSIVE;
				GCC_WARN_UNUSED_FUNCTION = YES;
				GCC_WARN_UNUSED_VARIABLE = YES;
				IPHONEOS_DEPLOYMENT_TARGET = 8.0;
				MACOSX_DEPLOYMENT_TARGET = 10.10;
				MTL_ENABLE_DEBUG_INFO = YES;
				ONLY_ACTIVE_ARCH = YES;
				SDKROOT = iphoneos;
				SWIFT_ACTIVE_COMPILATION_CONDITIONS = DEBUG;
				SWIFT_OPTIMIZATION_LEVEL = "-Onone";
				TARGETED_DEVICE_FAMILY = "1,2";
				VERSIONING_SYSTEM = "apple-generic";
				VERSION_INFO_PREFIX = "";
			};
			name = Debug;
		};
		8803431B1DE303160055DA33 /* Release */ = {
			isa = XCBuildConfiguration;
			buildSettings = {
				ALWAYS_SEARCH_USER_PATHS = NO;
				CLANG_ANALYZER_NONNULL = YES;
				CLANG_CXX_LANGUAGE_STANDARD = "gnu++0x";
				CLANG_CXX_LIBRARY = "libc++";
				CLANG_ENABLE_MODULES = YES;
				CLANG_ENABLE_OBJC_ARC = YES;
				CLANG_WARN_BOOL_CONVERSION = YES;
				CLANG_WARN_CONSTANT_CONVERSION = YES;
				CLANG_WARN_DIRECT_OBJC_ISA_USAGE = YES_ERROR;
				CLANG_WARN_DOCUMENTATION_COMMENTS = YES;
				CLANG_WARN_EMPTY_BODY = YES;
				CLANG_WARN_ENUM_CONVERSION = YES;
				CLANG_WARN_INFINITE_RECURSION = YES;
				CLANG_WARN_INT_CONVERSION = YES;
				CLANG_WARN_OBJC_ROOT_CLASS = YES_ERROR;
				CLANG_WARN_SUSPICIOUS_MOVES = YES;
				CLANG_WARN_UNREACHABLE_CODE = YES;
				CLANG_WARN__DUPLICATE_METHOD_MATCH = YES;
				"CODE_SIGN_IDENTITY[sdk=iphoneos*]" = "iPhone Developer";
				COPY_PHASE_STRIP = NO;
				CURRENT_PROJECT_VERSION = 1;
				DEBUG_INFORMATION_FORMAT = "dwarf-with-dsym";
				ENABLE_NS_ASSERTIONS = NO;
				ENABLE_STRICT_OBJC_MSGSEND = YES;
				GCC_C_LANGUAGE_STANDARD = gnu99;
				GCC_NO_COMMON_BLOCKS = YES;
				GCC_WARN_64_TO_32_BIT_CONVERSION = YES;
				GCC_WARN_ABOUT_RETURN_TYPE = YES_ERROR;
				GCC_WARN_UNDECLARED_SELECTOR = YES;
				GCC_WARN_UNINITIALIZED_AUTOS = YES_AGGRESSIVE;
				GCC_WARN_UNUSED_FUNCTION = YES;
				GCC_WARN_UNUSED_VARIABLE = YES;
				IPHONEOS_DEPLOYMENT_TARGET = 8.0;
				MACOSX_DEPLOYMENT_TARGET = 10.10;
				MTL_ENABLE_DEBUG_INFO = NO;
				SDKROOT = iphoneos;
				SWIFT_OPTIMIZATION_LEVEL = "-Owholemodule";
				TARGETED_DEVICE_FAMILY = "1,2";
				VALIDATE_PRODUCT = YES;
				VERSIONING_SYSTEM = "apple-generic";
				VERSION_INFO_PREFIX = "";
			};
			name = Release;
		};
		8803431D1DE303160055DA33 /* Debug */ = {
			isa = XCBuildConfiguration;
			baseConfigurationReference = 13B8E0EA17B3C0BECE37149B /* Pods-RxSwiftUtilities iOS.debug.xcconfig */;
			buildSettings = {
				CLANG_ENABLE_MODULES = YES;
				CODE_SIGN_IDENTITY = "";
				DEFINES_MODULE = YES;
				DYLIB_COMPATIBILITY_VERSION = 1;
				DYLIB_CURRENT_VERSION = 1;
				DYLIB_INSTALL_NAME_BASE = "@rpath";
				FRAMEWORK_SEARCH_PATHS = "$(inherited)";
				INFOPLIST_FILE = Source/Info.plist;
				INSTALL_PATH = "$(LOCAL_LIBRARY_DIR)/Frameworks";
				LD_RUNPATH_SEARCH_PATHS = "$(inherited) @executable_path/Frameworks @loader_path/Frameworks";
				PRODUCT_BUNDLE_IDENTIFIER = com.RxSwiftCommunity.RxSwiftUtilities;
				PRODUCT_NAME = RxSwiftUtilities;
				SKIP_INSTALL = YES;
				SWIFT_OPTIMIZATION_LEVEL = "-Onone";
				SWIFT_VERSION = 3.0;
			};
			name = Debug;
		};
		8803431E1DE303160055DA33 /* Release */ = {
			isa = XCBuildConfiguration;
			baseConfigurationReference = 1A678C9D9C00FE1A6A45FE7B /* Pods-RxSwiftUtilities iOS.release.xcconfig */;
			buildSettings = {
				CLANG_ENABLE_MODULES = YES;
				CODE_SIGN_IDENTITY = "";
				DEFINES_MODULE = YES;
				DYLIB_COMPATIBILITY_VERSION = 1;
				DYLIB_CURRENT_VERSION = 1;
				DYLIB_INSTALL_NAME_BASE = "@rpath";
				FRAMEWORK_SEARCH_PATHS = "$(inherited)";
				INFOPLIST_FILE = Source/Info.plist;
				INSTALL_PATH = "$(LOCAL_LIBRARY_DIR)/Frameworks";
				LD_RUNPATH_SEARCH_PATHS = "$(inherited) @executable_path/Frameworks @loader_path/Frameworks";
				PRODUCT_BUNDLE_IDENTIFIER = com.RxSwiftCommunity.RxSwiftUtilities;
				PRODUCT_NAME = RxSwiftUtilities;
				SKIP_INSTALL = YES;
				SWIFT_VERSION = 3.0;
			};
			name = Release;
		};
		880343201DE303160055DA33 /* Debug */ = {
			isa = XCBuildConfiguration;
			baseConfigurationReference = 480A3684F1FA0AA10F95E7FB /* Pods-RxSwiftUtilitiesTests iOS.debug.xcconfig */;
			buildSettings = {
				ALWAYS_EMBED_SWIFT_STANDARD_LIBRARIES = "$(inherited)";
				FRAMEWORK_SEARCH_PATHS = "$(inherited)";
				INFOPLIST_FILE = Tests/Info.plist;
				LD_RUNPATH_SEARCH_PATHS = "$(inherited) @executable_path/Frameworks @loader_path/Frameworks";
				PRODUCT_BUNDLE_IDENTIFIER = com.RxSwiftCommunity.RxSwiftUtilitiesTests;
				PRODUCT_NAME = "$(TARGET_NAME)";
				SWIFT_VERSION = 3.0;
			};
			name = Debug;
		};
		880343211DE303160055DA33 /* Release */ = {
			isa = XCBuildConfiguration;
			baseConfigurationReference = 552922FCEAB7AAC28C32B5B3 /* Pods-RxSwiftUtilitiesTests iOS.release.xcconfig */;
			buildSettings = {
				ALWAYS_EMBED_SWIFT_STANDARD_LIBRARIES = "$(inherited)";
				FRAMEWORK_SEARCH_PATHS = "$(inherited)";
				INFOPLIST_FILE = Tests/Info.plist;
				LD_RUNPATH_SEARCH_PATHS = "$(inherited) @executable_path/Frameworks @loader_path/Frameworks";
				PRODUCT_BUNDLE_IDENTIFIER = com.RxSwiftCommunity.RxSwiftUtilitiesTests;
				PRODUCT_NAME = "$(TARGET_NAME)";
				SWIFT_VERSION = 3.0;
			};
			name = Release;
		};
		888CC1B21DE48A1000DAE48A /* Debug */ = {
			isa = XCBuildConfiguration;
			baseConfigurationReference = 860B3C7B6B2F6156FE244574 /* Pods-RxSwiftUtilities tvOS.debug.xcconfig */;
			buildSettings = {
				CODE_SIGN_IDENTITY = "";
				DEFINES_MODULE = YES;
				DYLIB_COMPATIBILITY_VERSION = 1;
				DYLIB_CURRENT_VERSION = 1;
				DYLIB_INSTALL_NAME_BASE = "@rpath";
				INFOPLIST_FILE = "$(SRCROOT)/Source/Info.plist";
				INSTALL_PATH = "$(LOCAL_LIBRARY_DIR)/Frameworks";
				LD_RUNPATH_SEARCH_PATHS = "$(inherited) @executable_path/Frameworks @loader_path/Frameworks";
				PRODUCT_BUNDLE_IDENTIFIER = "com.RxSwiftCommunity.RxSwiftUtilities-tvOS";
				PRODUCT_NAME = RxSwiftUtilities;
				SDKROOT = appletvos;
				SKIP_INSTALL = YES;
				SWIFT_VERSION = 3.0;
				TARGETED_DEVICE_FAMILY = 3;
				TVOS_DEPLOYMENT_TARGET = 9.0;
			};
			name = Debug;
		};
		888CC1B31DE48A1000DAE48A /* Release */ = {
			isa = XCBuildConfiguration;
			baseConfigurationReference = E50BE9FF414803703A1FAC69 /* Pods-RxSwiftUtilities tvOS.release.xcconfig */;
			buildSettings = {
				CODE_SIGN_IDENTITY = "";
				DEFINES_MODULE = YES;
				DYLIB_COMPATIBILITY_VERSION = 1;
				DYLIB_CURRENT_VERSION = 1;
				DYLIB_INSTALL_NAME_BASE = "@rpath";
				INFOPLIST_FILE = "$(SRCROOT)/Source/Info.plist";
				INSTALL_PATH = "$(LOCAL_LIBRARY_DIR)/Frameworks";
				LD_RUNPATH_SEARCH_PATHS = "$(inherited) @executable_path/Frameworks @loader_path/Frameworks";
				PRODUCT_BUNDLE_IDENTIFIER = "com.RxSwiftCommunity.RxSwiftUtilities-tvOS";
				PRODUCT_NAME = RxSwiftUtilities;
				SDKROOT = appletvos;
				SKIP_INSTALL = YES;
				SWIFT_VERSION = 3.0;
				TARGETED_DEVICE_FAMILY = 3;
				TVOS_DEPLOYMENT_TARGET = 9.0;
			};
			name = Release;
		};
		888CC1B51DE48A1000DAE48A /* Debug */ = {
			isa = XCBuildConfiguration;
			baseConfigurationReference = 7ABBADC9701E2C3C1DA2BDA7 /* Pods-RxSwiftUtilitiesTests tvOS.debug.xcconfig */;
			buildSettings = {
				ALWAYS_EMBED_SWIFT_STANDARD_LIBRARIES = "$(inherited)";
				FRAMEWORK_SEARCH_PATHS = "$(inherited)";
				INFOPLIST_FILE = Source/Info.plist;
				LD_RUNPATH_SEARCH_PATHS = "$(inherited) @executable_path/Frameworks @loader_path/Frameworks";
				PRODUCT_BUNDLE_IDENTIFIER = "com.RxSwiftCommunity.RxSwiftUtilities-tvOSTests";
				PRODUCT_NAME = "$(TARGET_NAME)";
				SDKROOT = appletvos;
				SWIFT_VERSION = 3.0;
				TVOS_DEPLOYMENT_TARGET = 10.0;
			};
			name = Debug;
		};
		888CC1B61DE48A1000DAE48A /* Release */ = {
			isa = XCBuildConfiguration;
			baseConfigurationReference = 2CE897524CB685087D1E6D01 /* Pods-RxSwiftUtilitiesTests tvOS.release.xcconfig */;
			buildSettings = {
				ALWAYS_EMBED_SWIFT_STANDARD_LIBRARIES = "$(inherited)";
				FRAMEWORK_SEARCH_PATHS = "$(inherited)";
				INFOPLIST_FILE = Source/Info.plist;
				LD_RUNPATH_SEARCH_PATHS = "$(inherited) @executable_path/Frameworks @loader_path/Frameworks";
				PRODUCT_BUNDLE_IDENTIFIER = "com.RxSwiftCommunity.RxSwiftUtilities-tvOSTests";
				PRODUCT_NAME = "$(TARGET_NAME)";
				SDKROOT = appletvos;
				SWIFT_VERSION = 3.0;
				TVOS_DEPLOYMENT_TARGET = 10.0;
			};
			name = Release;
		};
		888CC1DD1DE48E9100DAE48A /* Debug */ = {
			isa = XCBuildConfiguration;
			baseConfigurationReference = DC0289C4EC5B432E2E0C30A9 /* Pods-RxSwiftUtilities macOS.debug.xcconfig */;
			buildSettings = {
				CODE_SIGN_IDENTITY = "-";
				COMBINE_HIDPI_IMAGES = YES;
				DEFINES_MODULE = YES;
				DYLIB_COMPATIBILITY_VERSION = 1;
				DYLIB_CURRENT_VERSION = 1;
				DYLIB_INSTALL_NAME_BASE = "@rpath";
				FRAMEWORK_SEARCH_PATHS = "$(inherited)";
				FRAMEWORK_VERSION = A;
				INFOPLIST_FILE = "$(SRCROOT)/Source/Info.plist";
				INSTALL_PATH = "$(LOCAL_LIBRARY_DIR)/Frameworks";
				LD_RUNPATH_SEARCH_PATHS = "$(inherited) @executable_path/../Frameworks @loader_path/Frameworks";
				PRODUCT_BUNDLE_IDENTIFIER = "com.RxSwiftCommunity.RxSwiftUtilities-macOS";
				PRODUCT_NAME = RxSwiftUtilities;
				SDKROOT = macosx;
				SKIP_INSTALL = YES;
				SWIFT_VERSION = 3.0;
			};
			name = Debug;
		};
		888CC1DE1DE48E9100DAE48A /* Release */ = {
			isa = XCBuildConfiguration;
			baseConfigurationReference = E5BF9CDC83502D4A247D7A84 /* Pods-RxSwiftUtilities macOS.release.xcconfig */;
			buildSettings = {
				CODE_SIGN_IDENTITY = "-";
				COMBINE_HIDPI_IMAGES = YES;
				DEFINES_MODULE = YES;
				DYLIB_COMPATIBILITY_VERSION = 1;
				DYLIB_CURRENT_VERSION = 1;
				DYLIB_INSTALL_NAME_BASE = "@rpath";
				FRAMEWORK_SEARCH_PATHS = "$(inherited)";
				FRAMEWORK_VERSION = A;
				INFOPLIST_FILE = "$(SRCROOT)/Source/Info.plist";
				INSTALL_PATH = "$(LOCAL_LIBRARY_DIR)/Frameworks";
				LD_RUNPATH_SEARCH_PATHS = "$(inherited) @executable_path/../Frameworks @loader_path/Frameworks";
				PRODUCT_BUNDLE_IDENTIFIER = "com.RxSwiftCommunity.RxSwiftUtilities-macOS";
				PRODUCT_NAME = RxSwiftUtilities;
				SDKROOT = macosx;
				SKIP_INSTALL = YES;
				SWIFT_VERSION = 3.0;
			};
			name = Release;
		};
		888CC1DF1DE48E9100DAE48A /* Debug */ = {
			isa = XCBuildConfiguration;
			baseConfigurationReference = D7C532AF7154306ABD1D49FC /* Pods-RxSwiftUtilitiesTests macOS.debug.xcconfig */;
			buildSettings = {
				ALWAYS_EMBED_SWIFT_STANDARD_LIBRARIES = "$(inherited)";
				CODE_SIGN_IDENTITY = "-";
				COMBINE_HIDPI_IMAGES = YES;
				FRAMEWORK_SEARCH_PATHS = "$(inherited)";
				INFOPLIST_FILE = Source/Info.plist;
				LD_RUNPATH_SEARCH_PATHS = "$(inherited) @executable_path/../Frameworks @loader_path/../Frameworks";
				MACOSX_DEPLOYMENT_TARGET = 10.10;
				PRODUCT_BUNDLE_IDENTIFIER = "com.RxSwiftCommunity.RxSwiftUtilities-macOSTests";
				PRODUCT_NAME = "$(TARGET_NAME)";
				SDKROOT = macosx;
				SWIFT_VERSION = 3.0;
			};
			name = Debug;
		};
		888CC1E01DE48E9100DAE48A /* Release */ = {
			isa = XCBuildConfiguration;
			baseConfigurationReference = E392741CF96DEF82AB2D145C /* Pods-RxSwiftUtilitiesTests macOS.release.xcconfig */;
			buildSettings = {
				ALWAYS_EMBED_SWIFT_STANDARD_LIBRARIES = "$(inherited)";
				CODE_SIGN_IDENTITY = "-";
				COMBINE_HIDPI_IMAGES = YES;
				FRAMEWORK_SEARCH_PATHS = "$(inherited)";
				INFOPLIST_FILE = Source/Info.plist;
				LD_RUNPATH_SEARCH_PATHS = "$(inherited) @executable_path/../Frameworks @loader_path/../Frameworks";
				MACOSX_DEPLOYMENT_TARGET = 10.10;
				PRODUCT_BUNDLE_IDENTIFIER = "com.RxSwiftCommunity.RxSwiftUtilities-macOSTests";
				PRODUCT_NAME = "$(TARGET_NAME)";
				SDKROOT = macosx;
				SWIFT_VERSION = 3.0;
			};
			name = Release;
		};
		88E73C661DE481A100C0D2F6 /* Debug */ = {
			isa = XCBuildConfiguration;
			baseConfigurationReference = FC975084F0E47B2BF8299F53 /* Pods-RxSwiftUtilities watchOS.debug.xcconfig */;
			buildSettings = {
				APPLICATION_EXTENSION_API_ONLY = YES;
				CODE_SIGN_IDENTITY = "";
				DEFINES_MODULE = YES;
				DYLIB_COMPATIBILITY_VERSION = 1;
				DYLIB_CURRENT_VERSION = 1;
				DYLIB_INSTALL_NAME_BASE = "@rpath";
				INFOPLIST_FILE = "$(SRCROOT)/Source/Info.plist";
				INSTALL_PATH = "$(LOCAL_LIBRARY_DIR)/Frameworks";
				LD_RUNPATH_SEARCH_PATHS = "$(inherited) @executable_path/Frameworks @loader_path/Frameworks";
				PRODUCT_BUNDLE_IDENTIFIER = "com.RxSwiftCommunity.RxSwiftUtilities-watchOS";
				PRODUCT_NAME = RxSwiftUtilities;
				SDKROOT = watchos;
				SKIP_INSTALL = YES;
				SWIFT_VERSION = 3.0;
				TARGETED_DEVICE_FAMILY = 4;
				WATCHOS_DEPLOYMENT_TARGET = 2.0;
			};
			name = Debug;
		};
		88E73C671DE481A100C0D2F6 /* Release */ = {
			isa = XCBuildConfiguration;
			baseConfigurationReference = 525654F4E01A3671B31435FD /* Pods-RxSwiftUtilities watchOS.release.xcconfig */;
			buildSettings = {
				APPLICATION_EXTENSION_API_ONLY = YES;
				CODE_SIGN_IDENTITY = "";
				DEFINES_MODULE = YES;
				DYLIB_COMPATIBILITY_VERSION = 1;
				DYLIB_CURRENT_VERSION = 1;
				DYLIB_INSTALL_NAME_BASE = "@rpath";
				INFOPLIST_FILE = "$(SRCROOT)/Source/Info.plist";
				INSTALL_PATH = "$(LOCAL_LIBRARY_DIR)/Frameworks";
				LD_RUNPATH_SEARCH_PATHS = "$(inherited) @executable_path/Frameworks @loader_path/Frameworks";
				PRODUCT_BUNDLE_IDENTIFIER = "com.RxSwiftCommunity.RxSwiftUtilities-watchOS";
				PRODUCT_NAME = RxSwiftUtilities;
				SDKROOT = watchos;
				SKIP_INSTALL = YES;
				SWIFT_VERSION = 3.0;
				TARGETED_DEVICE_FAMILY = 4;
				WATCHOS_DEPLOYMENT_TARGET = 2.0;
			};
			name = Release;
		};
/* End XCBuildConfiguration section */

/* Begin XCConfigurationList section */
		880343021DE303160055DA33 /* Build configuration list for PBXProject "RxSwiftUtilities" */ = {
			isa = XCConfigurationList;
			buildConfigurations = (
				8803431A1DE303160055DA33 /* Debug */,
				8803431B1DE303160055DA33 /* Release */,
			);
			defaultConfigurationIsVisible = 0;
			defaultConfigurationName = Release;
		};
		8803431C1DE303160055DA33 /* Build configuration list for PBXNativeTarget "RxSwiftUtilities iOS" */ = {
			isa = XCConfigurationList;
			buildConfigurations = (
				8803431D1DE303160055DA33 /* Debug */,
				8803431E1DE303160055DA33 /* Release */,
			);
			defaultConfigurationIsVisible = 0;
			defaultConfigurationName = Release;
		};
		8803431F1DE303160055DA33 /* Build configuration list for PBXNativeTarget "RxSwiftUtilitiesTests iOS" */ = {
			isa = XCConfigurationList;
			buildConfigurations = (
				880343201DE303160055DA33 /* Debug */,
				880343211DE303160055DA33 /* Release */,
			);
			defaultConfigurationIsVisible = 0;
			defaultConfigurationName = Release;
		};
		888CC1B11DE48A1000DAE48A /* Build configuration list for PBXNativeTarget "RxSwiftUtilities tvOS" */ = {
			isa = XCConfigurationList;
			buildConfigurations = (
				888CC1B21DE48A1000DAE48A /* Debug */,
				888CC1B31DE48A1000DAE48A /* Release */,
			);
			defaultConfigurationIsVisible = 0;
			defaultConfigurationName = Release;
		};
		888CC1B41DE48A1000DAE48A /* Build configuration list for PBXNativeTarget "RxSwiftUtilitiesTests tvOS" */ = {
			isa = XCConfigurationList;
			buildConfigurations = (
				888CC1B51DE48A1000DAE48A /* Debug */,
				888CC1B61DE48A1000DAE48A /* Release */,
			);
			defaultConfigurationIsVisible = 0;
			defaultConfigurationName = Release;
		};
		888CC1E11DE48E9100DAE48A /* Build configuration list for PBXNativeTarget "RxSwiftUtilities macOS" */ = {
			isa = XCConfigurationList;
			buildConfigurations = (
				888CC1DD1DE48E9100DAE48A /* Debug */,
				888CC1DE1DE48E9100DAE48A /* Release */,
			);
			defaultConfigurationIsVisible = 0;
			defaultConfigurationName = Release;
		};
		888CC1E21DE48E9100DAE48A /* Build configuration list for PBXNativeTarget "RxSwiftUtilitiesTests macOS" */ = {
			isa = XCConfigurationList;
			buildConfigurations = (
				888CC1DF1DE48E9100DAE48A /* Debug */,
				888CC1E01DE48E9100DAE48A /* Release */,
			);
			defaultConfigurationIsVisible = 0;
			defaultConfigurationName = Release;
		};
		88E73C681DE481A100C0D2F6 /* Build configuration list for PBXNativeTarget "RxSwiftUtilities watchOS" */ = {
			isa = XCConfigurationList;
			buildConfigurations = (
				88E73C661DE481A100C0D2F6 /* Debug */,
				88E73C671DE481A100C0D2F6 /* Release */,
			);
			defaultConfigurationIsVisible = 0;
			defaultConfigurationName = Release;
		};
/* End XCConfigurationList section */
	};
	rootObject = 880342FF1DE303160055DA33 /* Project object */;
}
